// !$*UTF8*$!
{
	archiveVersion = 1;
	classes = {
	};
	objectVersion = 46;
	objects = {

/* Begin PBXBuildFile section */
		2B11518C1ADF92AB00FC26C5 /* TegArray.swift in Sources */ = {isa = PBXBuildFile; fileRef = 2B11518B1ADF92AB00FC26C5 /* TegArray.swift */; };
		2B11518E1ADF930800FC26C5 /* TegUIColor.swift in Sources */ = {isa = PBXBuildFile; fileRef = 2B11518D1ADF930800FC26C5 /* TegUIColor.swift */; };
		2B1151951ADF939900FC26C5 /* TegPagedControlContainer.swift in Sources */ = {isa = PBXBuildFile; fileRef = 2B11518F1ADF939900FC26C5 /* TegPagedControlContainer.swift */; };
		2B1151961ADF939900FC26C5 /* TegPagedImages.swift in Sources */ = {isa = PBXBuildFile; fileRef = 2B1151901ADF939900FC26C5 /* TegPagedImages.swift */; };
		2B1151971ADF939900FC26C5 /* TegPagedImagesCellView.swift in Sources */ = {isa = PBXBuildFile; fileRef = 2B1151911ADF939900FC26C5 /* TegPagedImagesCellView.swift */; };
		2B1151981ADF939900FC26C5 /* TegPagedImagesCellViewDelegate.swift in Sources */ = {isa = PBXBuildFile; fileRef = 2B1151921ADF939900FC26C5 /* TegPagedImagesCellViewDelegate.swift */; };
		2B1151991ADF939900FC26C5 /* TegPagedImagesSettings.swift in Sources */ = {isa = PBXBuildFile; fileRef = 2B1151931ADF939900FC26C5 /* TegPagedImagesSettings.swift */; };
		2B11519A1ADF939900FC26C5 /* YiiPagedImages.swift in Sources */ = {isa = PBXBuildFile; fileRef = 2B1151941ADF939900FC26C5 /* YiiPagedImages.swift */; };
		2B3F5D431A5E4531005AC8A2 /* paged-scroll-view-with-images-placeholder.png in Resources */ = {isa = PBXBuildFile; fileRef = 2B3F5D421A5E4531005AC8A2 /* paged-scroll-view-with-images-placeholder.png */; };
		2B5108671A23E684006C029B /* TegQ.swift in Sources */ = {isa = PBXBuildFile; fileRef = 2B5108661A23E684006C029B /* TegQ.swift */; };
		2B51086B1A23EFEC006C029B /* no_image.jpg in Resources */ = {isa = PBXBuildFile; fileRef = 2B51086A1A23EFEC006C029B /* no_image.jpg */; };
		2B5108731A24328B006C029B /* TegAutolayoutConstraints.swift in Sources */ = {isa = PBXBuildFile; fileRef = 2B5108721A24328B006C029B /* TegAutolayoutConstraints.swift */; };
		2B5108771A243A94006C029B /* TegColors.swift in Sources */ = {isa = PBXBuildFile; fileRef = 2B5108761A243A94006C029B /* TegColors.swift */; };
		2B69859C1A240A7C002FDEC0 /* TegAsyncImageDownloader.swift in Sources */ = {isa = PBXBuildFile; fileRef = 2B6985991A240A7C002FDEC0 /* TegAsyncImageDownloader.swift */; };
		2B69859D1A240A7C002FDEC0 /* TegImageDownloader.swift in Sources */ = {isa = PBXBuildFile; fileRef = 2B69859A1A240A7C002FDEC0 /* TegImageDownloader.swift */; };
		2B69859E1A240A7C002FDEC0 /* TegImageDownloadTask.swift in Sources */ = {isa = PBXBuildFile; fileRef = 2B69859B1A240A7C002FDEC0 /* TegImageDownloadTask.swift */; };
		2B6985A01A240A82002FDEC0 /* TegAsyncDownloaderSession.swift in Sources */ = {isa = PBXBuildFile; fileRef = 2B69859F1A240A82002FDEC0 /* TegAsyncDownloaderSession.swift */; };
		2B6985AE1A241E5A002FDEC0 /* README.md in Sources */ = {isa = PBXBuildFile; fileRef = 2B6985AD1A241E5A002FDEC0 /* README.md */; };
		2BEDBB6B1A22ABDD0058380D /* AppDelegate.swift in Sources */ = {isa = PBXBuildFile; fileRef = 2BEDBB6A1A22ABDD0058380D /* AppDelegate.swift */; };
		2BEDBB6D1A22ABDD0058380D /* ViewController.swift in Sources */ = {isa = PBXBuildFile; fileRef = 2BEDBB6C1A22ABDD0058380D /* ViewController.swift */; };
		2BEDBB701A22ABDD0058380D /* Main.storyboard in Resources */ = {isa = PBXBuildFile; fileRef = 2BEDBB6E1A22ABDD0058380D /* Main.storyboard */; };
		2BEDBB721A22ABDD0058380D /* Images.xcassets in Resources */ = {isa = PBXBuildFile; fileRef = 2BEDBB711A22ABDD0058380D /* Images.xcassets */; };
		2BEDBB751A22ABDD0058380D /* LaunchScreen.xib in Resources */ = {isa = PBXBuildFile; fileRef = 2BEDBB731A22ABDD0058380D /* LaunchScreen.xib */; };
		2BEDBB811A22ABDD0058380D /* paged_scroll_view_with_imagesTests.swift in Sources */ = {isa = PBXBuildFile; fileRef = 2BEDBB801A22ABDD0058380D /* paged_scroll_view_with_imagesTests.swift */; };
		2BEDBB8B1A22ABF90058380D /* Default-568h@2x.png in Resources */ = {isa = PBXBuildFile; fileRef = 2BEDBB8A1A22ABF90058380D /* Default-568h@2x.png */; };
		2BEDBB911A22B11B0058380D /* beaver.jpg in Resources */ = {isa = PBXBuildFile; fileRef = 2BEDBB8D1A22B11B0058380D /* beaver.jpg */; };
		2BEDBB921A22B11B0058380D /* elephant.jpg in Resources */ = {isa = PBXBuildFile; fileRef = 2BEDBB8E1A22B11B0058380D /* elephant.jpg */; };
		2BEDBB931A22B11B0058380D /* gibbon.jpg in Resources */ = {isa = PBXBuildFile; fileRef = 2BEDBB8F1A22B11B0058380D /* gibbon.jpg */; };
		2BEDBB941A22B11B0058380D /* hippo.jpg in Resources */ = {isa = PBXBuildFile; fileRef = 2BEDBB901A22B11B0058380D /* hippo.jpg */; };
		2BEDBB991A22B7F40058380D /* TegScreenSize.swift in Sources */ = {isa = PBXBuildFile; fileRef = 2BEDBB981A22B7F40058380D /* TegScreenSize.swift */; };
/* End PBXBuildFile section */

/* Begin PBXContainerItemProxy section */
		2BEDBB7B1A22ABDD0058380D /* PBXContainerItemProxy */ = {
			isa = PBXContainerItemProxy;
			containerPortal = 2BEDBB5D1A22ABDD0058380D /* Project object */;
			proxyType = 1;
			remoteGlobalIDString = 2BEDBB641A22ABDD0058380D;
			remoteInfo = "paged-scroll-view-with-images";
		};
/* End PBXContainerItemProxy section */

/* Begin PBXFileReference section */
		2B11518B1ADF92AB00FC26C5 /* TegArray.swift */ = {isa = PBXFileReference; fileEncoding = 4; lastKnownFileType = sourcecode.swift; path = TegArray.swift; sourceTree = "<group>"; };
		2B11518D1ADF930800FC26C5 /* TegUIColor.swift */ = {isa = PBXFileReference; fileEncoding = 4; lastKnownFileType = sourcecode.swift; path = TegUIColor.swift; sourceTree = "<group>"; };
		2B11518F1ADF939900FC26C5 /* TegPagedControlContainer.swift */ = {isa = PBXFileReference; fileEncoding = 4; lastKnownFileType = sourcecode.swift; path = TegPagedControlContainer.swift; sourceTree = "<group>"; };
		2B1151901ADF939900FC26C5 /* TegPagedImages.swift */ = {isa = PBXFileReference; fileEncoding = 4; lastKnownFileType = sourcecode.swift; path = TegPagedImages.swift; sourceTree = "<group>"; };
		2B1151911ADF939900FC26C5 /* TegPagedImagesCellView.swift */ = {isa = PBXFileReference; fileEncoding = 4; lastKnownFileType = sourcecode.swift; path = TegPagedImagesCellView.swift; sourceTree = "<group>"; };
		2B1151921ADF939900FC26C5 /* TegPagedImagesCellViewDelegate.swift */ = {isa = PBXFileReference; fileEncoding = 4; lastKnownFileType = sourcecode.swift; path = TegPagedImagesCellViewDelegate.swift; sourceTree = "<group>"; };
		2B1151931ADF939900FC26C5 /* TegPagedImagesSettings.swift */ = {isa = PBXFileReference; fileEncoding = 4; lastKnownFileType = sourcecode.swift; path = TegPagedImagesSettings.swift; sourceTree = "<group>"; };
		2B1151941ADF939900FC26C5 /* YiiPagedImages.swift */ = {isa = PBXFileReference; fileEncoding = 4; lastKnownFileType = sourcecode.swift; path = YiiPagedImages.swift; sourceTree = "<group>"; };
		2B3F5D421A5E4531005AC8A2 /* paged-scroll-view-with-images-placeholder.png */ = {isa = PBXFileReference; lastKnownFileType = image.png; path = "paged-scroll-view-with-images-placeholder.png"; sourceTree = "<group>"; };
		2B5108661A23E684006C029B /* TegQ.swift */ = {isa = PBXFileReference; fileEncoding = 4; lastKnownFileType = sourcecode.swift; path = TegQ.swift; sourceTree = "<group>"; };
		2B51086A1A23EFEC006C029B /* no_image.jpg */ = {isa = PBXFileReference; lastKnownFileType = image.jpeg; path = no_image.jpg; sourceTree = "<group>"; };
		2B5108721A24328B006C029B /* TegAutolayoutConstraints.swift */ = {isa = PBXFileReference; fileEncoding = 4; lastKnownFileType = sourcecode.swift; path = TegAutolayoutConstraints.swift; sourceTree = "<group>"; };
		2B5108761A243A94006C029B /* TegColors.swift */ = {isa = PBXFileReference; fileEncoding = 4; lastKnownFileType = sourcecode.swift; path = TegColors.swift; sourceTree = "<group>"; };
		2B6985991A240A7C002FDEC0 /* TegAsyncImageDownloader.swift */ = {isa = PBXFileReference; fileEncoding = 4; lastKnownFileType = sourcecode.swift; path = TegAsyncImageDownloader.swift; sourceTree = "<group>"; };
		2B69859A1A240A7C002FDEC0 /* TegImageDownloader.swift */ = {isa = PBXFileReference; fileEncoding = 4; lastKnownFileType = sourcecode.swift; path = TegImageDownloader.swift; sourceTree = "<group>"; };
		2B69859B1A240A7C002FDEC0 /* TegImageDownloadTask.swift */ = {isa = PBXFileReference; fileEncoding = 4; lastKnownFileType = sourcecode.swift; path = TegImageDownloadTask.swift; sourceTree = "<group>"; };
		2B69859F1A240A82002FDEC0 /* TegAsyncDownloaderSession.swift */ = {isa = PBXFileReference; fileEncoding = 4; lastKnownFileType = sourcecode.swift; path = TegAsyncDownloaderSession.swift; sourceTree = "<group>"; };
		2B6985AD1A241E5A002FDEC0 /* README.md */ = {isa = PBXFileReference; fileEncoding = 4; lastKnownFileType = net.daringfireball.markdown; path = README.md; sourceTree = "<group>"; };
		2BEDBB651A22ABDD0058380D /* paged-scroll-view-with-images.app */ = {isa = PBXFileReference; explicitFileType = wrapper.application; includeInIndex = 0; path = "paged-scroll-view-with-images.app"; sourceTree = BUILT_PRODUCTS_DIR; };
		2BEDBB691A22ABDD0058380D /* Info.plist */ = {isa = PBXFileReference; lastKnownFileType = text.plist.xml; path = Info.plist; sourceTree = "<group>"; };
		2BEDBB6A1A22ABDD0058380D /* AppDelegate.swift */ = {isa = PBXFileReference; lastKnownFileType = sourcecode.swift; path = AppDelegate.swift; sourceTree = "<group>"; };
		2BEDBB6C1A22ABDD0058380D /* ViewController.swift */ = {isa = PBXFileReference; lastKnownFileType = sourcecode.swift; path = ViewController.swift; sourceTree = "<group>"; };
		2BEDBB6F1A22ABDD0058380D /* Base */ = {isa = PBXFileReference; lastKnownFileType = file.storyboard; name = Base; path = Base.lproj/Main.storyboard; sourceTree = "<group>"; };
		2BEDBB711A22ABDD0058380D /* Images.xcassets */ = {isa = PBXFileReference; lastKnownFileType = folder.assetcatalog; path = Images.xcassets; sourceTree = "<group>"; };
		2BEDBB741A22ABDD0058380D /* Base */ = {isa = PBXFileReference; lastKnownFileType = file.xib; name = Base; path = Base.lproj/LaunchScreen.xib; sourceTree = "<group>"; };
		2BEDBB7A1A22ABDD0058380D /* paged-scroll-view-with-imagesTests.xctest */ = {isa = PBXFileReference; explicitFileType = wrapper.cfbundle; includeInIndex = 0; path = "paged-scroll-view-with-imagesTests.xctest"; sourceTree = BUILT_PRODUCTS_DIR; };
		2BEDBB7F1A22ABDD0058380D /* Info.plist */ = {isa = PBXFileReference; lastKnownFileType = text.plist.xml; path = Info.plist; sourceTree = "<group>"; };
		2BEDBB801A22ABDD0058380D /* paged_scroll_view_with_imagesTests.swift */ = {isa = PBXFileReference; lastKnownFileType = sourcecode.swift; path = paged_scroll_view_with_imagesTests.swift; sourceTree = "<group>"; };
		2BEDBB8A1A22ABF90058380D /* Default-568h@2x.png */ = {isa = PBXFileReference; lastKnownFileType = image.png; path = "Default-568h@2x.png"; sourceTree = "<group>"; };
		2BEDBB8D1A22B11B0058380D /* beaver.jpg */ = {isa = PBXFileReference; lastKnownFileType = image.jpeg; path = beaver.jpg; sourceTree = "<group>"; };
		2BEDBB8E1A22B11B0058380D /* elephant.jpg */ = {isa = PBXFileReference; lastKnownFileType = image.jpeg; path = elephant.jpg; sourceTree = "<group>"; };
		2BEDBB8F1A22B11B0058380D /* gibbon.jpg */ = {isa = PBXFileReference; lastKnownFileType = image.jpeg; path = gibbon.jpg; sourceTree = "<group>"; };
		2BEDBB901A22B11B0058380D /* hippo.jpg */ = {isa = PBXFileReference; lastKnownFileType = image.jpeg; path = hippo.jpg; sourceTree = "<group>"; };
		2BEDBB981A22B7F40058380D /* TegScreenSize.swift */ = {isa = PBXFileReference; fileEncoding = 4; lastKnownFileType = sourcecode.swift; path = TegScreenSize.swift; sourceTree = "<group>"; };
/* End PBXFileReference section */

/* Begin PBXFrameworksBuildPhase section */
		2BEDBB621A22ABDD0058380D /* Frameworks */ = {
			isa = PBXFrameworksBuildPhase;
			buildActionMask = 2147483647;
			files = (
			);
			runOnlyForDeploymentPostprocessing = 0;
		};
		2BEDBB771A22ABDD0058380D /* Frameworks */ = {
			isa = PBXFrameworksBuildPhase;
			buildActionMask = 2147483647;
			files = (
			);
			runOnlyForDeploymentPostprocessing = 0;
		};
/* End PBXFrameworksBuildPhase section */

/* Begin PBXGroup section */
		2B51085A1A22FC47006C029B /* PagedImageScrollView */ = {
			isa = PBXGroup;
			children = (
				2B11518F1ADF939900FC26C5 /* TegPagedControlContainer.swift */,
				2B1151901ADF939900FC26C5 /* TegPagedImages.swift */,
				2B1151911ADF939900FC26C5 /* TegPagedImagesCellView.swift */,
				2B1151921ADF939900FC26C5 /* TegPagedImagesCellViewDelegate.swift */,
				2B1151931ADF939900FC26C5 /* TegPagedImagesSettings.swift */,
				2B1151941ADF939900FC26C5 /* YiiPagedImages.swift */,
			);
			name = PagedImageScrollView;
			sourceTree = "<group>";
		};
		2B5108631A23E195006C029B /* Http */ = {
			isa = PBXGroup;
			children = (
				2B69859F1A240A82002FDEC0 /* TegAsyncDownloaderSession.swift */,
				2B6985921A240965002FDEC0 /* ImageDownloader */,
			);
			name = Http;
			sourceTree = "<group>";
		};
		2B6985921A240965002FDEC0 /* ImageDownloader */ = {
			isa = PBXGroup;
			children = (
				2B6985991A240A7C002FDEC0 /* TegAsyncImageDownloader.swift */,
				2B69859A1A240A7C002FDEC0 /* TegImageDownloader.swift */,
				2B69859B1A240A7C002FDEC0 /* TegImageDownloadTask.swift */,
			);
			name = ImageDownloader;
			sourceTree = "<group>";
		};
		2BEDBB5C1A22ABDD0058380D = {
			isa = PBXGroup;
			children = (
				2B6985AD1A241E5A002FDEC0 /* README.md */,
				2BEDBB8A1A22ABF90058380D /* Default-568h@2x.png */,
				2BEDBB671A22ABDD0058380D /* paged-scroll-view-with-images */,
				2BEDBB7D1A22ABDD0058380D /* paged-scroll-view-with-imagesTests */,
				2BEDBB661A22ABDD0058380D /* Products */,
			);
			sourceTree = "<group>";
		};
		2BEDBB661A22ABDD0058380D /* Products */ = {
			isa = PBXGroup;
			children = (
				2BEDBB651A22ABDD0058380D /* paged-scroll-view-with-images.app */,
				2BEDBB7A1A22ABDD0058380D /* paged-scroll-view-with-imagesTests.xctest */,
			);
			name = Products;
			sourceTree = "<group>";
		};
		2BEDBB671A22ABDD0058380D /* paged-scroll-view-with-images */ = {
			isa = PBXGroup;
			children = (
				2BEDBB8C1A22AC820058380D /* Images */,
				2B5108631A23E195006C029B /* Http */,
				2B51085A1A22FC47006C029B /* PagedImageScrollView */,
				2BEDBB971A22B7E70058380D /* Utils */,
				2BEDBB6A1A22ABDD0058380D /* AppDelegate.swift */,
				2BEDBB6C1A22ABDD0058380D /* ViewController.swift */,
				2BEDBB6E1A22ABDD0058380D /* Main.storyboard */,
				2BEDBB711A22ABDD0058380D /* Images.xcassets */,
				2BEDBB731A22ABDD0058380D /* LaunchScreen.xib */,
				2BEDBB681A22ABDD0058380D /* Supporting Files */,
			);
			path = "paged-scroll-view-with-images";
			sourceTree = "<group>";
		};
		2BEDBB681A22ABDD0058380D /* Supporting Files */ = {
			isa = PBXGroup;
			children = (
				2BEDBB691A22ABDD0058380D /* Info.plist */,
			);
			name = "Supporting Files";
			sourceTree = "<group>";
		};
		2BEDBB7D1A22ABDD0058380D /* paged-scroll-view-with-imagesTests */ = {
			isa = PBXGroup;
			children = (
				2BEDBB801A22ABDD0058380D /* paged_scroll_view_with_imagesTests.swift */,
				2BEDBB7E1A22ABDD0058380D /* Supporting Files */,
			);
			path = "paged-scroll-view-with-imagesTests";
			sourceTree = "<group>";
		};
		2BEDBB7E1A22ABDD0058380D /* Supporting Files */ = {
			isa = PBXGroup;
			children = (
				2BEDBB7F1A22ABDD0058380D /* Info.plist */,
			);
			name = "Supporting Files";
			sourceTree = "<group>";
		};
		2BEDBB8C1A22AC820058380D /* Images */ = {
			isa = PBXGroup;
			children = (
				2BEDBB8D1A22B11B0058380D /* beaver.jpg */,
				2BEDBB8E1A22B11B0058380D /* elephant.jpg */,
				2BEDBB8F1A22B11B0058380D /* gibbon.jpg */,
				2BEDBB901A22B11B0058380D /* hippo.jpg */,
				2B51086A1A23EFEC006C029B /* no_image.jpg */,
				2B3F5D421A5E4531005AC8A2 /* paged-scroll-view-with-images-placeholder.png */,
			);
			name = Images;
			sourceTree = "<group>";
		};
		2BEDBB971A22B7E70058380D /* Utils */ = {
			isa = PBXGroup;
			children = (
				2B11518B1ADF92AB00FC26C5 /* TegArray.swift */,
				2B5108721A24328B006C029B /* TegAutolayoutConstraints.swift */,
				2B5108761A243A94006C029B /* TegColors.swift */,
				2B5108661A23E684006C029B /* TegQ.swift */,
				2BEDBB981A22B7F40058380D /* TegScreenSize.swift */,
				2B11518D1ADF930800FC26C5 /* TegUIColor.swift */,
			);
			name = Utils;
			sourceTree = "<group>";
		};
/* End PBXGroup section */

/* Begin PBXNativeTarget section */
		2BEDBB641A22ABDD0058380D /* paged-scroll-view-with-images */ = {
			isa = PBXNativeTarget;
			buildConfigurationList = 2BEDBB841A22ABDD0058380D /* Build configuration list for PBXNativeTarget "paged-scroll-view-with-images" */;
			buildPhases = (
				2BEDBB611A22ABDD0058380D /* Sources */,
				2BEDBB621A22ABDD0058380D /* Frameworks */,
				2BEDBB631A22ABDD0058380D /* Resources */,
			);
			buildRules = (
			);
			dependencies = (
			);
			name = "paged-scroll-view-with-images";
			productName = "paged-scroll-view-with-images";
			productReference = 2BEDBB651A22ABDD0058380D /* paged-scroll-view-with-images.app */;
			productType = "com.apple.product-type.application";
		};
		2BEDBB791A22ABDD0058380D /* paged-scroll-view-with-imagesTests */ = {
			isa = PBXNativeTarget;
			buildConfigurationList = 2BEDBB871A22ABDD0058380D /* Build configuration list for PBXNativeTarget "paged-scroll-view-with-imagesTests" */;
			buildPhases = (
				2BEDBB761A22ABDD0058380D /* Sources */,
				2BEDBB771A22ABDD0058380D /* Frameworks */,
				2BEDBB781A22ABDD0058380D /* Resources */,
			);
			buildRules = (
			);
			dependencies = (
				2BEDBB7C1A22ABDD0058380D /* PBXTargetDependency */,
			);
			name = "paged-scroll-view-with-imagesTests";
			productName = "paged-scroll-view-with-imagesTests";
			productReference = 2BEDBB7A1A22ABDD0058380D /* paged-scroll-view-with-imagesTests.xctest */;
			productType = "com.apple.product-type.bundle.unit-test";
		};
/* End PBXNativeTarget section */

/* Begin PBXProject section */
		2BEDBB5D1A22ABDD0058380D /* Project object */ = {
			isa = PBXProject;
			attributes = {
				LastUpgradeCheck = 0610;
				ORGANIZATIONNAME = "The Exchange Group Pty Ltd";
				TargetAttributes = {
					2BEDBB641A22ABDD0058380D = {
						CreatedOnToolsVersion = 6.1;
					};
					2BEDBB791A22ABDD0058380D = {
						CreatedOnToolsVersion = 6.1;
						TestTargetID = 2BEDBB641A22ABDD0058380D;
					};
				};
			};
			buildConfigurationList = 2BEDBB601A22ABDD0058380D /* Build configuration list for PBXProject "paged-scroll-view-with-images" */;
			compatibilityVersion = "Xcode 3.2";
			developmentRegion = English;
			hasScannedForEncodings = 0;
			knownRegions = (
				en,
				Base,
			);
			mainGroup = 2BEDBB5C1A22ABDD0058380D;
			productRefGroup = 2BEDBB661A22ABDD0058380D /* Products */;
			projectDirPath = "";
			projectRoot = "";
			targets = (
				2BEDBB641A22ABDD0058380D /* paged-scroll-view-with-images */,
				2BEDBB791A22ABDD0058380D /* paged-scroll-view-with-imagesTests */,
			);
		};
/* End PBXProject section */

/* Begin PBXResourcesBuildPhase section */
		2BEDBB631A22ABDD0058380D /* Resources */ = {
			isa = PBXResourcesBuildPhase;
			buildActionMask = 2147483647;
			files = (
				2BEDBB941A22B11B0058380D /* hippo.jpg in Resources */,
				2BEDBB701A22ABDD0058380D /* Main.storyboard in Resources */,
				2BEDBB8B1A22ABF90058380D /* Default-568h@2x.png in Resources */,
				2BEDBB921A22B11B0058380D /* elephant.jpg in Resources */,
				2BEDBB751A22ABDD0058380D /* LaunchScreen.xib in Resources */,
				2B3F5D431A5E4531005AC8A2 /* paged-scroll-view-with-images-placeholder.png in Resources */,
				2BEDBB721A22ABDD0058380D /* Images.xcassets in Resources */,
				2B51086B1A23EFEC006C029B /* no_image.jpg in Resources */,
				2BEDBB911A22B11B0058380D /* beaver.jpg in Resources */,
				2BEDBB931A22B11B0058380D /* gibbon.jpg in Resources */,
			);
			runOnlyForDeploymentPostprocessing = 0;
		};
		2BEDBB781A22ABDD0058380D /* Resources */ = {
			isa = PBXResourcesBuildPhase;
			buildActionMask = 2147483647;
			files = (
			);
			runOnlyForDeploymentPostprocessing = 0;
		};
/* End PBXResourcesBuildPhase section */

/* Begin PBXSourcesBuildPhase section */
		2BEDBB611A22ABDD0058380D /* Sources */ = {
			isa = PBXSourcesBuildPhase;
			buildActionMask = 2147483647;
			files = (
				2B69859C1A240A7C002FDEC0 /* TegAsyncImageDownloader.swift in Sources */,
				2B6985A01A240A82002FDEC0 /* TegAsyncDownloaderSession.swift in Sources */,
				2B1151951ADF939900FC26C5 /* TegPagedControlContainer.swift in Sources */,
				2BEDBB991A22B7F40058380D /* TegScreenSize.swift in Sources */,
				2B1151981ADF939900FC26C5 /* TegPagedImagesCellViewDelegate.swift in Sources */,
				2B5108671A23E684006C029B /* TegQ.swift in Sources */,
				2B1151961ADF939900FC26C5 /* TegPagedImages.swift in Sources */,
				2B5108771A243A94006C029B /* TegColors.swift in Sources */,
				2B6985AE1A241E5A002FDEC0 /* README.md in Sources */,
				2B11519A1ADF939900FC26C5 /* YiiPagedImages.swift in Sources */,
				2B1151991ADF939900FC26C5 /* TegPagedImagesSettings.swift in Sources */,
				2B11518C1ADF92AB00FC26C5 /* TegArray.swift in Sources */,
				2B1151971ADF939900FC26C5 /* TegPagedImagesCellView.swift in Sources */,
				2BEDBB6D1A22ABDD0058380D /* ViewController.swift in Sources */,
				2B69859D1A240A7C002FDEC0 /* TegImageDownloader.swift in Sources */,
				2BEDBB6B1A22ABDD0058380D /* AppDelegate.swift in Sources */,
				2B5108731A24328B006C029B /* TegAutolayoutConstraints.swift in Sources */,
				2B69859E1A240A7C002FDEC0 /* TegImageDownloadTask.swift in Sources */,
				2B11518E1ADF930800FC26C5 /* TegUIColor.swift in Sources */,
			);
			runOnlyForDeploymentPostprocessing = 0;
		};
		2BEDBB761A22ABDD0058380D /* Sources */ = {
			isa = PBXSourcesBuildPhase;
			buildActionMask = 2147483647;
			files = (
				2BEDBB811A22ABDD0058380D /* paged_scroll_view_with_imagesTests.swift in Sources */,
			);
			runOnlyForDeploymentPostprocessing = 0;
		};
/* End PBXSourcesBuildPhase section */

/* Begin PBXTargetDependency section */
		2BEDBB7C1A22ABDD0058380D /* PBXTargetDependency */ = {
			isa = PBXTargetDependency;
			target = 2BEDBB641A22ABDD0058380D /* paged-scroll-view-with-images */;
			targetProxy = 2BEDBB7B1A22ABDD0058380D /* PBXContainerItemProxy */;
		};
/* End PBXTargetDependency section */

/* Begin PBXVariantGroup section */
		2BEDBB6E1A22ABDD0058380D /* Main.storyboard */ = {
			isa = PBXVariantGroup;
			children = (
				2BEDBB6F1A22ABDD0058380D /* Base */,
			);
			name = Main.storyboard;
			sourceTree = "<group>";
		};
		2BEDBB731A22ABDD0058380D /* LaunchScreen.xib */ = {
			isa = PBXVariantGroup;
			children = (
				2BEDBB741A22ABDD0058380D /* Base */,
			);
			name = LaunchScreen.xib;
			sourceTree = "<group>";
		};
/* End PBXVariantGroup section */

/* Begin XCBuildConfiguration section */
		2BEDBB821A22ABDD0058380D /* Debug */ = {
			isa = XCBuildConfiguration;
			buildSettings = {
				ALWAYS_SEARCH_USER_PATHS = NO;
				CLANG_CXX_LANGUAGE_STANDARD = "gnu++0x";
				CLANG_CXX_LIBRARY = "libc++";
				CLANG_ENABLE_MODULES = YES;
				CLANG_ENABLE_OBJC_ARC = YES;
				CLANG_WARN_BOOL_CONVERSION = YES;
				CLANG_WARN_CONSTANT_CONVERSION = YES;
				CLANG_WARN_DIRECT_OBJC_ISA_USAGE = YES_ERROR;
				CLANG_WARN_EMPTY_BODY = YES;
				CLANG_WARN_ENUM_CONVERSION = YES;
				CLANG_WARN_INT_CONVERSION = YES;
				CLANG_WARN_OBJC_ROOT_CLASS = YES_ERROR;
				CLANG_WARN_UNREACHABLE_CODE = YES;
				CLANG_WARN__DUPLICATE_METHOD_MATCH = YES;
				"CODE_SIGN_IDENTITY[sdk=iphoneos*]" = "iPhone Developer";
				COPY_PHASE_STRIP = NO;
				ENABLE_STRICT_OBJC_MSGSEND = YES;
				GCC_C_LANGUAGE_STANDARD = gnu99;
				GCC_DYNAMIC_NO_PIC = NO;
				GCC_OPTIMIZATION_LEVEL = 0;
				GCC_PREPROCESSOR_DEFINITIONS = (
					"DEBUG=1",
					"$(inherited)",
				);
				GCC_SYMBOLS_PRIVATE_EXTERN = NO;
				GCC_WARN_64_TO_32_BIT_CONVERSION = YES;
				GCC_WARN_ABOUT_RETURN_TYPE = YES_ERROR;
				GCC_WARN_UNDECLARED_SELECTOR = YES;
				GCC_WARN_UNINITIALIZED_AUTOS = YES_AGGRESSIVE;
				GCC_WARN_UNUSED_FUNCTION = YES;
				GCC_WARN_UNUSED_VARIABLE = YES;
				IPHONEOS_DEPLOYMENT_TARGET = 7.0;
				MTL_ENABLE_DEBUG_INFO = YES;
				ONLY_ACTIVE_ARCH = YES;
				SDKROOT = iphoneos;
				SWIFT_OPTIMIZATION_LEVEL = "-Onone";
				TARGETED_DEVICE_FAMILY = "1,2";
			};
			name = Debug;
		};
		2BEDBB831A22ABDD0058380D /* Release */ = {
			isa = XCBuildConfiguration;
			buildSettings = {
				ALWAYS_SEARCH_USER_PATHS = NO;
				CLANG_CXX_LANGUAGE_STANDARD = "gnu++0x";
				CLANG_CXX_LIBRARY = "libc++";
				CLANG_ENABLE_MODULES = YES;
				CLANG_ENABLE_OBJC_ARC = YES;
				CLANG_WARN_BOOL_CONVERSION = YES;
				CLANG_WARN_CONSTANT_CONVERSION = YES;
				CLANG_WARN_DIRECT_OBJC_ISA_USAGE = YES_ERROR;
				CLANG_WARN_EMPTY_BODY = YES;
				CLANG_WARN_ENUM_CONVERSION = YES;
				CLANG_WARN_INT_CONVERSION = YES;
				CLANG_WARN_OBJC_ROOT_CLASS = YES_ERROR;
				CLANG_WARN_UNREACHABLE_CODE = YES;
				CLANG_WARN__DUPLICATE_METHOD_MATCH = YES;
				"CODE_SIGN_IDENTITY[sdk=iphoneos*]" = "iPhone Developer";
				COPY_PHASE_STRIP = YES;
				ENABLE_NS_ASSERTIONS = NO;
				ENABLE_STRICT_OBJC_MSGSEND = YES;
				GCC_C_LANGUAGE_STANDARD = gnu99;
				GCC_WARN_64_TO_32_BIT_CONVERSION = YES;
				GCC_WARN_ABOUT_RETURN_TYPE = YES_ERROR;
				GCC_WARN_UNDECLARED_SELECTOR = YES;
				GCC_WARN_UNINITIALIZED_AUTOS = YES_AGGRESSIVE;
				GCC_WARN_UNUSED_FUNCTION = YES;
				GCC_WARN_UNUSED_VARIABLE = YES;
				IPHONEOS_DEPLOYMENT_TARGET = 7.0;
				MTL_ENABLE_DEBUG_INFO = NO;
				SDKROOT = iphoneos;
				TARGETED_DEVICE_FAMILY = "1,2";
				VALIDATE_PRODUCT = YES;
			};
			name = Release;
		};
		2BEDBB851A22ABDD0058380D /* Debug */ = {
			isa = XCBuildConfiguration;
			buildSettings = {
				ASSETCATALOG_COMPILER_APPICON_NAME = AppIcon;
				INFOPLIST_FILE = "paged-scroll-view-with-images/Info.plist";
				LD_RUNPATH_SEARCH_PATHS = "$(inherited) @executable_path/Frameworks";
				PRODUCT_NAME = "$(TARGET_NAME)";
			};
			name = Debug;
		};
		2BEDBB861A22ABDD0058380D /* Release */ = {
			isa = XCBuildConfiguration;
			buildSettings = {
				ASSETCATALOG_COMPILER_APPICON_NAME = AppIcon;
				INFOPLIST_FILE = "paged-scroll-view-with-images/Info.plist";
				LD_RUNPATH_SEARCH_PATHS = "$(inherited) @executable_path/Frameworks";
				PRODUCT_NAME = "$(TARGET_NAME)";
			};
			name = Release;
		};
		2BEDBB881A22ABDD0058380D /* Debug */ = {
			isa = XCBuildConfiguration;
			buildSettings = {
				BUNDLE_LOADER = "$(TEST_HOST)";
				FRAMEWORK_SEARCH_PATHS = (
					"$(SDKROOT)/Developer/Library/Frameworks",
					"$(inherited)",
				);
				GCC_PREPROCESSOR_DEFINITIONS = (
					"DEBUG=1",
					"$(inherited)",
				);
				INFOPLIST_FILE = "paged-scroll-view-with-imagesTests/Info.plist";
				LD_RUNPATH_SEARCH_PATHS = "$(inherited) @executable_path/Frameworks @loader_path/Frameworks";
				PRODUCT_NAME = "$(TARGET_NAME)";
				TEST_HOST = "$(BUILT_PRODUCTS_DIR)/paged-scroll-view-with-images.app/paged-scroll-view-with-images";
			};
			name = Debug;
		};
		2BEDBB891A22ABDD0058380D /* Release */ = {
			isa = XCBuildConfiguration;
			buildSettings = {
				BUNDLE_LOADER = "$(TEST_HOST)";
				FRAMEWORK_SEARCH_PATHS = (
					"$(SDKROOT)/Developer/Library/Frameworks",
					"$(inherited)",
				);
				INFOPLIST_FILE = "paged-scroll-view-with-imagesTests/Info.plist";
				LD_RUNPATH_SEARCH_PATHS = "$(inherited) @executable_path/Frameworks @loader_path/Frameworks";
				PRODUCT_NAME = "$(TARGET_NAME)";
				TEST_HOST = "$(BUILT_PRODUCTS_DIR)/paged-scroll-view-with-images.app/paged-scroll-view-with-images";
			};
			name = Release;
		};
/* End XCBuildConfiguration section */

/* Begin XCConfigurationList section */
		2BEDBB601A22ABDD0058380D /* Build configuration list for PBXProject "paged-scroll-view-with-images" */ = {
			isa = XCConfigurationList;
			buildConfigurations = (
				2BEDBB821A22ABDD0058380D /* Debug */,
				2BEDBB831A22ABDD0058380D /* Release */,
			);
			defaultConfigurationIsVisible = 0;
			defaultConfigurationName = Release;
		};
		2BEDBB841A22ABDD0058380D /* Build configuration list for PBXNativeTarget "paged-scroll-view-with-images" */ = {
			isa = XCConfigurationList;
			buildConfigurations = (
				2BEDBB851A22ABDD0058380D /* Debug */,
				2BEDBB861A22ABDD0058380D /* Release */,
			);
			defaultConfigurationIsVisible = 0;
			defaultConfigurationName = Release;
		};
		2BEDBB871A22ABDD0058380D /* Build configuration list for PBXNativeTarget "paged-scroll-view-with-imagesTests" */ = {
			isa = XCConfigurationList;
			buildConfigurations = (
				2BEDBB881A22ABDD0058380D /* Debug */,
				2BEDBB891A22ABDD0058380D /* Release */,
			);
			defaultConfigurationIsVisible = 0;
			defaultConfigurationName = Release;
		};
/* End XCConfigurationList section */
	};
	rootObject = 2BEDBB5D1A22ABDD0058380D /* Project object */;
}
