// !$*UTF8*$!
{
	archiveVersion = 1;
	classes = {
	};
	objectVersion = 46;
	objects = {

/* Begin PBXBuildFile section */
		2BEDBB6B1A22ABDD0058380D /* AppDelegate.swift in Sources */ = {isa = PBXBuildFile; fileRef = 2BEDBB6A1A22ABDD0058380D /* AppDelegate.swift */; };
		2BEDBB6D1A22ABDD0058380D /* ViewController.swift in Sources */ = {isa = PBXBuildFile; fileRef = 2BEDBB6C1A22ABDD0058380D /* ViewController.swift */; };
		2BEDBB701A22ABDD0058380D /* Main.storyboard in Resources */ = {isa = PBXBuildFile; fileRef = 2BEDBB6E1A22ABDD0058380D /* Main.storyboard */; };
		2BEDBB721A22ABDD0058380D /* Images.xcassets in Resources */ = {isa = PBXBuildFile; fileRef = 2BEDBB711A22ABDD0058380D /* Images.xcassets */; };
		2BEDBB751A22ABDD0058380D /* LaunchScreen.xib in Resources */ = {isa = PBXBuildFile; fileRef = 2BEDBB731A22ABDD0058380D /* LaunchScreen.xib */; };
		2BEDBB811A22ABDD0058380D /* paged_scroll_view_with_imagesTests.swift in Sources */ = {isa = PBXBuildFile; fileRef = 2BEDBB801A22ABDD0058380D /* paged_scroll_view_with_imagesTests.swift */; };
/* End PBXBuildFile section */

/* Begin PBXContainerItemProxy section */
		2BEDBB7B1A22ABDD0058380D /* PBXContainerItemProxy */ = {
			isa = PBXContainerItemProxy;
			containerPortal = 2BEDBB5D1A22ABDD0058380D /* Project object */;
			proxyType = 1;
			remoteGlobalIDString = 2BEDBB641A22ABDD0058380D;
			remoteInfo = "paged-scroll-view-with-images";
		};
/* End PBXContainerItemProxy section */

/* Begin PBXFileReference section */
		2BEDBB651A22ABDD0058380D /* paged-scroll-view-with-images.app */ = {isa = PBXFileReference; explicitFileType = wrapper.application; includeInIndex = 0; path = "paged-scroll-view-with-images.app"; sourceTree = BUILT_PRODUCTS_DIR; };
		2BEDBB691A22ABDD0058380D /* Info.plist */ = {isa = PBXFileReference; lastKnownFileType = text.plist.xml; path = Info.plist; sourceTree = "<group>"; };
		2BEDBB6A1A22ABDD0058380D /* AppDelegate.swift */ = {isa = PBXFileReference; lastKnownFileType = sourcecode.swift; path = AppDelegate.swift; sourceTree = "<group>"; };
		2BEDBB6C1A22ABDD0058380D /* ViewController.swift */ = {isa = PBXFileReference; lastKnownFileType = sourcecode.swift; path = ViewController.swift; sourceTree = "<group>"; };
		2BEDBB6F1A22ABDD0058380D /* Base */ = {isa = PBXFileReference; lastKnownFileType = file.storyboard; name = Base; path = Base.lproj/Main.storyboard; sourceTree = "<group>"; };
		2BEDBB711A22ABDD0058380D /* Images.xcassets */ = {isa = PBXFileReference; lastKnownFileType = folder.assetcatalog; path = Images.xcassets; sourceTree = "<group>"; };
		2BEDBB741A22ABDD0058380D /* Base */ = {isa = PBXFileReference; lastKnownFileType = file.xib; name = Base; path = Base.lproj/LaunchScreen.xib; sourceTree = "<group>"; };
		2BEDBB7A1A22ABDD0058380D /* paged-scroll-view-with-imagesTests.xctest */ = {isa = PBXFileReference; explicitFileType = wrapper.cfbundle; includeInIndex = 0; path = "paged-scroll-view-with-imagesTests.xctest"; sourceTree = BUILT_PRODUCTS_DIR; };
		2BEDBB7F1A22ABDD0058380D /* Info.plist */ = {isa = PBXFileReference; lastKnownFileType = text.plist.xml; path = Info.plist; sourceTree = "<group>"; };
		2BEDBB801A22ABDD0058380D /* paged_scroll_view_with_imagesTests.swift */ = {isa = PBXFileReference; lastKnownFileType = sourcecode.swift; path = paged_scroll_view_with_imagesTests.swift; sourceTree = "<group>"; };
/* End PBXFileReference section */

/* Begin PBXFrameworksBuildPhase section */
		2BEDBB621A22ABDD0058380D /* Frameworks */ = {
			isa = PBXFrameworksBuildPhase;
			buildActionMask = 2147483647;
			files = (
			);
			runOnlyForDeploymentPostprocessing = 0;
		};
		2BEDBB771A22ABDD0058380D /* Frameworks */ = {
			isa = PBXFrameworksBuildPhase;
			buildActionMask = 2147483647;
			files = (
			);
			runOnlyForDeploymentPostprocessing = 0;
		};
/* End PBXFrameworksBuildPhase section */

/* Begin PBXGroup section */
		2BEDBB5C1A22ABDD0058380D = {
			isa = PBXGroup;
			children = (
				2BEDBB671A22ABDD0058380D /* paged-scroll-view-with-images */,
				2BEDBB7D1A22ABDD0058380D /* paged-scroll-view-with-imagesTests */,
				2BEDBB661A22ABDD0058380D /* Products */,
			);
			sourceTree = "<group>";
		};
		2BEDBB661A22ABDD0058380D /* Products */ = {
			isa = PBXGroup;
			children = (
				2BEDBB651A22ABDD0058380D /* paged-scroll-view-with-images.app */,
				2BEDBB7A1A22ABDD0058380D /* paged-scroll-view-with-imagesTests.xctest */,
			);
			name = Products;
			sourceTree = "<group>";
		};
		2BEDBB671A22ABDD0058380D /* paged-scroll-view-with-images */ = {
			isa = PBXGroup;
			children = (
				2BEDBB6A1A22ABDD0058380D /* AppDelegate.swift */,
				2BEDBB6C1A22ABDD0058380D /* ViewController.swift */,
				2BEDBB6E1A22ABDD0058380D /* Main.storyboard */,
				2BEDBB711A22ABDD0058380D /* Images.xcassets */,
				2BEDBB731A22ABDD0058380D /* LaunchScreen.xib */,
				2BEDBB681A22ABDD0058380D /* Supporting Files */,
			);
			path = "paged-scroll-view-with-images";
			sourceTree = "<group>";
		};
		2BEDBB681A22ABDD0058380D /* Supporting Files */ = {
			isa = PBXGroup;
			children = (
				2BEDBB691A22ABDD0058380D /* Info.plist */,
			);
			name = "Supporting Files";
			sourceTree = "<group>";
		};
		2BEDBB7D1A22ABDD0058380D /* paged-scroll-view-with-imagesTests */ = {
			isa = PBXGroup;
			children = (
				2BEDBB801A22ABDD0058380D /* paged_scroll_view_with_imagesTests.swift */,
				2BEDBB7E1A22ABDD0058380D /* Supporting Files */,
			);
			path = "paged-scroll-view-with-imagesTests";
			sourceTree = "<group>";
		};
		2BEDBB7E1A22ABDD0058380D /* Supporting Files */ = {
			isa = PBXGroup;
			children = (
				2BEDBB7F1A22ABDD0058380D /* Info.plist */,
			);
			name = "Supporting Files";
			sourceTree = "<group>";
		};
/* End PBXGroup section */

/* Begin PBXNativeTarget section */
		2BEDBB641A22ABDD0058380D /* paged-scroll-view-with-images */ = {
			isa = PBXNativeTarget;
			buildConfigurationList = 2BEDBB841A22ABDD0058380D /* Build configuration list for PBXNativeTarget "paged-scroll-view-with-images" */;
			buildPhases = (
				2BEDBB611A22ABDD0058380D /* Sources */,
				2BEDBB621A22ABDD0058380D /* Frameworks */,
				2BEDBB631A22ABDD0058380D /* Resources */,
			);
			buildRules = (
			);
			dependencies = (
			);
			name = "paged-scroll-view-with-images";
			productName = "paged-scroll-view-with-images";
			productReference = 2BEDBB651A22ABDD0058380D /* paged-scroll-view-with-images.app */;
			productType = "com.apple.product-type.application";
		};
		2BEDBB791A22ABDD0058380D /* paged-scroll-view-with-imagesTests */ = {
			isa = PBXNativeTarget;
			buildConfigurationList = 2BEDBB871A22ABDD0058380D /* Build configuration list for PBXNativeTarget "paged-scroll-view-with-imagesTests" */;
			buildPhases = (
				2BEDBB761A22ABDD0058380D /* Sources */,
				2BEDBB771A22ABDD0058380D /* Frameworks */,
				2BEDBB781A22ABDD0058380D /* Resources */,
			);
			buildRules = (
			);
			dependencies = (
				2BEDBB7C1A22ABDD0058380D /* PBXTargetDependency */,
			);
			name = "paged-scroll-view-with-imagesTests";
			productName = "paged-scroll-view-with-imagesTests";
			productReference = 2BEDBB7A1A22ABDD0058380D /* paged-scroll-view-with-imagesTests.xctest */;
			productType = "com.apple.product-type.bundle.unit-test";
		};
/* End PBXNativeTarget section */

/* Begin PBXProject section */
		2BEDBB5D1A22ABDD0058380D /* Project object */ = {
			isa = PBXProject;
			attributes = {
				LastUpgradeCheck = 0610;
				ORGANIZATIONNAME = "Evgenii Neumerzhitckii";
				TargetAttributes = {
					2BEDBB641A22ABDD0058380D = {
						CreatedOnToolsVersion = 6.1;
					};
					2BEDBB791A22ABDD0058380D = {
						CreatedOnToolsVersion = 6.1;
						TestTargetID = 2BEDBB641A22ABDD0058380D;
					};
				};
			};
			buildConfigurationList = 2BEDBB601A22ABDD0058380D /* Build configuration list for PBXProject "paged-scroll-view-with-images" */;
			compatibilityVersion = "Xcode 3.2";
			developmentRegion = English;
			hasScannedForEncodings = 0;
			knownRegions = (
				en,
				Base,
			);
			mainGroup = 2BEDBB5C1A22ABDD0058380D;
			productRefGroup = 2BEDBB661A22ABDD0058380D /* Products */;
			projectDirPath = "";
			projectRoot = "";
			targets = (
				2BEDBB641A22ABDD0058380D /* paged-scroll-view-with-images */,
				2BEDBB791A22ABDD0058380D /* paged-scroll-view-with-imagesTests */,
			);
		};
/* End PBXProject section */

/* Begin PBXResourcesBuildPhase section */
		2BEDBB631A22ABDD0058380D /* Resources */ = {
			isa = PBXResourcesBuildPhase;
			buildActionMask = 2147483647;
			files = (
				2BEDBB701A22ABDD0058380D /* Main.storyboard in Resources */,
				2BEDBB751A22ABDD0058380D /* LaunchScreen.xib in Resources */,
				2BEDBB721A22ABDD0058380D /* Images.xcassets in Resources */,
			);
			runOnlyForDeploymentPostprocessing = 0;
		};
		2BEDBB781A22ABDD0058380D /* Resources */ = {
			isa = PBXResourcesBuildPhase;
			buildActionMask = 2147483647;
			files = (
			);
			runOnlyForDeploymentPostprocessing = 0;
		};
/* End PBXResourcesBuildPhase section */

/* Begin PBXSourcesBuildPhase section */
		2BEDBB611A22ABDD0058380D /* Sources */ = {
			isa = PBXSourcesBuildPhase;
			buildActionMask = 2147483647;
			files = (
				2BEDBB6D1A22ABDD0058380D /* ViewController.swift in Sources */,
				2BEDBB6B1A22ABDD0058380D /* AppDelegate.swift in Sources */,
			);
			runOnlyForDeploymentPostprocessing = 0;
		};
		2BEDBB761A22ABDD0058380D /* Sources */ = {
			isa = PBXSourcesBuildPhase;
			buildActionMask = 2147483647;
			files = (
				2BEDBB811A22ABDD0058380D /* paged_scroll_view_with_imagesTests.swift in Sources */,
			);
			runOnlyForDeploymentPostprocessing = 0;
		};
/* End PBXSourcesBuildPhase section */

/* Begin PBXTargetDependency section */
		2BEDBB7C1A22ABDD0058380D /* PBXTargetDependency */ = {
			isa = PBXTargetDependency;
			target = 2BEDBB641A22ABDD0058380D /* paged-scroll-view-with-images */;
			targetProxy = 2BEDBB7B1A22ABDD0058380D /* PBXContainerItemProxy */;
		};
/* End PBXTargetDependency section */

/* Begin PBXVariantGroup section */
		2BEDBB6E1A22ABDD0058380D /* Main.storyboard */ = {
			isa = PBXVariantGroup;
			children = (
				2BEDBB6F1A22ABDD0058380D /* Base */,
			);
			name = Main.storyboard;
			sourceTree = "<group>";
		};
		2BEDBB731A22ABDD0058380D /* LaunchScreen.xib */ = {
			isa = PBXVariantGroup;
			children = (
				2BEDBB741A22ABDD0058380D /* Base */,
			);
			name = LaunchScreen.xib;
			sourceTree = "<group>";
		};
/* End PBXVariantGroup section */

/* Begin XCBuildConfiguration section */
		2BEDBB821A22ABDD0058380D /* Debug */ = {
			isa = XCBuildConfiguration;
			buildSettings = {
				ALWAYS_SEARCH_USER_PATHS = NO;
				CLANG_CXX_LANGUAGE_STANDARD = "gnu++0x";
				CLANG_CXX_LIBRARY = "libc++";
				CLANG_ENABLE_MODULES = YES;
				CLANG_ENABLE_OBJC_ARC = YES;
				CLANG_WARN_BOOL_CONVERSION = YES;
				CLANG_WARN_CONSTANT_CONVERSION = YES;
				CLANG_WARN_DIRECT_OBJC_ISA_USAGE = YES_ERROR;
				CLANG_WARN_EMPTY_BODY = YES;
				CLANG_WARN_ENUM_CONVERSION = YES;
				CLANG_WARN_INT_CONVERSION = YES;
				CLANG_WARN_OBJC_ROOT_CLASS = YES_ERROR;
				CLANG_WARN_UNREACHABLE_CODE = YES;
				CLANG_WARN__DUPLICATE_METHOD_MATCH = YES;
				"CODE_SIGN_IDENTITY[sdk=iphoneos*]" = "iPhone Developer";
				COPY_PHASE_STRIP = NO;
				ENABLE_STRICT_OBJC_MSGSEND = YES;
				GCC_C_LANGUAGE_STANDARD = gnu99;
				GCC_DYNAMIC_NO_PIC = NO;
				GCC_OPTIMIZATION_LEVEL = 0;
				GCC_PREPROCESSOR_DEFINITIONS = (
					"DEBUG=1",
					"$(inherited)",
				);
				GCC_SYMBOLS_PRIVATE_EXTERN = NO;
				GCC_WARN_64_TO_32_BIT_CONVERSION = YES;
				GCC_WARN_ABOUT_RETURN_TYPE = YES_ERROR;
				GCC_WARN_UNDECLARED_SELECTOR = YES;
				GCC_WARN_UNINITIALIZED_AUTOS = YES_AGGRESSIVE;
				GCC_WARN_UNUSED_FUNCTION = YES;
				GCC_WARN_UNUSED_VARIABLE = YES;
				IPHONEOS_DEPLOYMENT_TARGET = 8.1;
				MTL_ENABLE_DEBUG_INFO = YES;
				ONLY_ACTIVE_ARCH = YES;
				SDKROOT = iphoneos;
				SWIFT_OPTIMIZATION_LEVEL = "-Onone";
				TARGETED_DEVICE_FAMILY = "1,2";
			};
			name = Debug;
		};
		2BEDBB831A22ABDD0058380D /* Release */ = {
			isa = XCBuildConfiguration;
			buildSettings = {
				ALWAYS_SEARCH_USER_PATHS = NO;
				CLANG_CXX_LANGUAGE_STANDARD = "gnu++0x";
				CLANG_CXX_LIBRARY = "libc++";
				CLANG_ENABLE_MODULES = YES;
				CLANG_ENABLE_OBJC_ARC = YES;
				CLANG_WARN_BOOL_CONVERSION = YES;
				CLANG_WARN_CONSTANT_CONVERSION = YES;
				CLANG_WARN_DIRECT_OBJC_ISA_USAGE = YES_ERROR;
				CLANG_WARN_EMPTY_BODY = YES;
				CLANG_WARN_ENUM_CONVERSION = YES;
				CLANG_WARN_INT_CONVERSION = YES;
				CLANG_WARN_OBJC_ROOT_CLASS = YES_ERROR;
				CLANG_WARN_UNREACHABLE_CODE = YES;
				CLANG_WARN__DUPLICATE_METHOD_MATCH = YES;
				"CODE_SIGN_IDENTITY[sdk=iphoneos*]" = "iPhone Developer";
				COPY_PHASE_STRIP = YES;
				ENABLE_NS_ASSERTIONS = NO;
				ENABLE_STRICT_OBJC_MSGSEND = YES;
				GCC_C_LANGUAGE_STANDARD = gnu99;
				GCC_WARN_64_TO_32_BIT_CONVERSION = YES;
				GCC_WARN_ABOUT_RETURN_TYPE = YES_ERROR;
				GCC_WARN_UNDECLARED_SELECTOR = YES;
				GCC_WARN_UNINITIALIZED_AUTOS = YES_AGGRESSIVE;
				GCC_WARN_UNUSED_FUNCTION = YES;
				GCC_WARN_UNUSED_VARIABLE = YES;
				IPHONEOS_DEPLOYMENT_TARGET = 8.1;
				MTL_ENABLE_DEBUG_INFO = NO;
				SDKROOT = iphoneos;
				TARGETED_DEVICE_FAMILY = "1,2";
				VALIDATE_PRODUCT = YES;
			};
			name = Release;
		};
		2BEDBB851A22ABDD0058380D /* Debug */ = {
			isa = XCBuildConfiguration;
			buildSettings = {
				ASSETCATALOG_COMPILER_APPICON_NAME = AppIcon;
				INFOPLIST_FILE = "paged-scroll-view-with-images/Info.plist";
				LD_RUNPATH_SEARCH_PATHS = "$(inherited) @executable_path/Frameworks";
				PRODUCT_NAME = "$(TARGET_NAME)";
			};
			name = Debug;
		};
		2BEDBB861A22ABDD0058380D /* Release */ = {
			isa = XCBuildConfiguration;
			buildSettings = {
				ASSETCATALOG_COMPILER_APPICON_NAME = AppIcon;
				INFOPLIST_FILE = "paged-scroll-view-with-images/Info.plist";
				LD_RUNPATH_SEARCH_PATHS = "$(inherited) @executable_path/Frameworks";
				PRODUCT_NAME = "$(TARGET_NAME)";
			};
			name = Release;
		};
		2BEDBB881A22ABDD0058380D /* Debug */ = {
			isa = XCBuildConfiguration;
			buildSettings = {
				BUNDLE_LOADER = "$(TEST_HOST)";
				FRAMEWORK_SEARCH_PATHS = (
					"$(SDKROOT)/Developer/Library/Frameworks",
					"$(inherited)",
				);
				GCC_PREPROCESSOR_DEFINITIONS = (
					"DEBUG=1",
					"$(inherited)",
				);
				INFOPLIST_FILE = "paged-scroll-view-with-imagesTests/Info.plist";
				LD_RUNPATH_SEARCH_PATHS = "$(inherited) @executable_path/Frameworks @loader_path/Frameworks";
				PRODUCT_NAME = "$(TARGET_NAME)";
				TEST_HOST = "$(BUILT_PRODUCTS_DIR)/paged-scroll-view-with-images.app/paged-scroll-view-with-images";
			};
			name = Debug;
		};
		2BEDBB891A22ABDD0058380D /* Release */ = {
			isa = XCBuildConfiguration;
			buildSettings = {
				BUNDLE_LOADER = "$(TEST_HOST)";
				FRAMEWORK_SEARCH_PATHS = (
					"$(SDKROOT)/Developer/Library/Frameworks",
					"$(inherited)",
				);
				INFOPLIST_FILE = "paged-scroll-view-with-imagesTests/Info.plist";
				LD_RUNPATH_SEARCH_PATHS = "$(inherited) @executable_path/Frameworks @loader_path/Frameworks";
				PRODUCT_NAME = "$(TARGET_NAME)";
				TEST_HOST = "$(BUILT_PRODUCTS_DIR)/paged-scroll-view-with-images.app/paged-scroll-view-with-images";
			};
			name = Release;
		};
/* End XCBuildConfiguration section */

/* Begin XCConfigurationList section */
		2BEDBB601A22ABDD0058380D /* Build configuration list for PBXProject "paged-scroll-view-with-images" */ = {
			isa = XCConfigurationList;
			buildConfigurations = (
				2BEDBB821A22ABDD0058380D /* Debug */,
				2BEDBB831A22ABDD0058380D /* Release */,
			);
			defaultConfigurationIsVisible = 0;
			defaultConfigurationName = Release;
		};
		2BEDBB841A22ABDD0058380D /* Build configuration list for PBXNativeTarget "paged-scroll-view-with-images" */ = {
			isa = XCConfigurationList;
			buildConfigurations = (
				2BEDBB851A22ABDD0058380D /* Debug */,
				2BEDBB861A22ABDD0058380D /* Release */,
			);
			defaultConfigurationIsVisible = 0;
		};
		2BEDBB871A22ABDD0058380D /* Build configuration list for PBXNativeTarget "paged-scroll-view-with-imagesTests" */ = {
			isa = XCConfigurationList;
			buildConfigurations = (
				2BEDBB881A22ABDD0058380D /* Debug */,
				2BEDBB891A22ABDD0058380D /* Release */,
			);
			defaultConfigurationIsVisible = 0;
		};
/* End XCConfigurationList section */
	};
	rootObject = 2BEDBB5D1A22ABDD0058380D /* Project object */;
}
